
Microsoft Visual Studio Solution File, Format Version 12.00
# Visual Studio 14
VisualStudioVersion = 14.0.25420.1
MinimumVisualStudioVersion = 10.0.40219.1
Project("{FAE04EC0-301F-11D3-BF4B-00C04F79EFBC}") = "xUnitXamarinFormsTestRunner", "xUnitXamarinFormsTestRunner\xUnitXamarinFormsTestRunner\xUnitXamarinFormsTestRunner.csproj", "{D676206A-B5F4-4505-91E3-932A42639422}"
EndProject
Project("{FAE04EC0-301F-11D3-BF4B-00C04F79EFBC}") = "xUnitXamarinFormsTestRunner.Droid", "xUnitXamarinFormsTestRunner\xUnitXamarinFormsTestRunner.Droid\xUnitXamarinFormsTestRunner.Droid.csproj", "{8664F741-21CD-404F-9C39-454C689517E4}"
EndProject
Project("{FAE04EC0-301F-11D3-BF4B-00C04F79EFBC}") = "xUnitXamarinFormsTestRunner.iOS", "xUnitXamarinFormsTestRunner\xUnitXamarinFormsTestRunner.iOS\xUnitXamarinFormsTestRunner.iOS.csproj", "{CD609083-2B7F-441E-8703-6D2BE39C9762}"
EndProject
Project("{FAE04EC0-301F-11D3-BF4B-00C04F79EFBC}") = "xUnitXamarinFormsTestRunner.WinPhone", "xUnitXamarinFormsTestRunner\xUnitXamarinFormsTestRunner.WinPhone\xUnitXamarinFormsTestRunner.WinPhone.csproj", "{FB98AB4E-DAE0-4BB5-8375-BFD476D5D03A}"
EndProject
Project("{FAE04EC0-301F-11D3-BF4B-00C04F79EFBC}") = "xUnitXamarinFormsTestRunner.UWP", "xUnitXamarinFormsTestRunner\xUnitXamarinFormsTestRunner.UWP\xUnitXamarinFormsTestRunner.UWP.csproj", "{B19EB285-1473-4F51-B113-4709F436263E}"
EndProject
Project("{FAE04EC0-301F-11D3-BF4B-00C04F79EFBC}") = "xUnitXamarinFormsTestRunner.Windows", "xUnitXamarinFormsTestRunner\xUnitXamarinFormsTestRunner.Windows\xUnitXamarinFormsTestRunner.Windows.csproj", "{F8F2111F-42AB-47D4-B32F-D0ACF79BCB22}"
EndProject
Global
	GlobalSection(SolutionConfigurationPlatforms) = preSolution
		Ad-Hoc|Any CPU = Ad-Hoc|Any CPU
		Ad-Hoc|ARM = Ad-Hoc|ARM
		Ad-Hoc|iPhone = Ad-Hoc|iPhone
		Ad-Hoc|iPhoneSimulator = Ad-Hoc|iPhoneSimulator
		Ad-Hoc|x64 = Ad-Hoc|x64
		Ad-Hoc|x86 = Ad-Hoc|x86
		AppStore|Any CPU = AppStore|Any CPU
		AppStore|ARM = AppStore|ARM
		AppStore|iPhone = AppStore|iPhone
		AppStore|iPhoneSimulator = AppStore|iPhoneSimulator
		AppStore|x64 = AppStore|x64
		AppStore|x86 = AppStore|x86
		Debug|Any CPU = Debug|Any CPU
		Debug|ARM = Debug|ARM
		Debug|iPhone = Debug|iPhone
		Debug|iPhoneSimulator = Debug|iPhoneSimulator
		Debug|x64 = Debug|x64
		Debug|x86 = Debug|x86
		Release|Any CPU = Release|Any CPU
		Release|ARM = Release|ARM
		Release|iPhone = Release|iPhone
		Release|iPhoneSimulator = Release|iPhoneSimulator
		Release|x64 = Release|x64
		Release|x86 = Release|x86
	EndGlobalSection
	GlobalSection(ProjectConfigurationPlatforms) = postSolution
		{D676206A-B5F4-4505-91E3-932A42639422}.Ad-Hoc|Any CPU.ActiveCfg = Release|Any CPU
		{D676206A-B5F4-4505-91E3-932A42639422}.Ad-Hoc|Any CPU.Build.0 = Release|Any CPU
		{D676206A-B5F4-4505-91E3-932A42639422}.Ad-Hoc|ARM.ActiveCfg = Release|Any CPU
		{D676206A-B5F4-4505-91E3-932A42639422}.Ad-Hoc|ARM.Build.0 = Release|Any CPU
		{D676206A-B5F4-4505-91E3-932A42639422}.Ad-Hoc|iPhone.ActiveCfg = Release|Any CPU
		{D676206A-B5F4-4505-91E3-932A42639422}.Ad-Hoc|iPhone.Build.0 = Release|Any CPU
		{D676206A-B5F4-4505-91E3-932A42639422}.Ad-Hoc|iPhoneSimulator.ActiveCfg = Release|Any CPU
		{D676206A-B5F4-4505-91E3-932A42639422}.Ad-Hoc|iPhoneSimulator.Build.0 = Release|Any CPU
		{D676206A-B5F4-4505-91E3-932A42639422}.Ad-Hoc|x64.ActiveCfg = Release|Any CPU
		{D676206A-B5F4-4505-91E3-932A42639422}.Ad-Hoc|x64.Build.0 = Release|Any CPU
		{D676206A-B5F4-4505-91E3-932A42639422}.Ad-Hoc|x86.ActiveCfg = Release|Any CPU
		{D676206A-B5F4-4505-91E3-932A42639422}.Ad-Hoc|x86.Build.0 = Release|Any CPU
		{D676206A-B5F4-4505-91E3-932A42639422}.AppStore|Any CPU.ActiveCfg = Release|Any CPU
		{D676206A-B5F4-4505-91E3-932A42639422}.AppStore|Any CPU.Build.0 = Release|Any CPU
		{D676206A-B5F4-4505-91E3-932A42639422}.AppStore|ARM.ActiveCfg = Release|Any CPU
		{D676206A-B5F4-4505-91E3-932A42639422}.AppStore|ARM.Build.0 = Release|Any CPU
		{D676206A-B5F4-4505-91E3-932A42639422}.AppStore|iPhone.ActiveCfg = Release|Any CPU
		{D676206A-B5F4-4505-91E3-932A42639422}.AppStore|iPhone.Build.0 = Release|Any CPU
		{D676206A-B5F4-4505-91E3-932A42639422}.AppStore|iPhoneSimulator.ActiveCfg = Release|Any CPU
		{D676206A-B5F4-4505-91E3-932A42639422}.AppStore|iPhoneSimulator.Build.0 = Release|Any CPU
		{D676206A-B5F4-4505-91E3-932A42639422}.AppStore|x64.ActiveCfg = Release|Any CPU
		{D676206A-B5F4-4505-91E3-932A42639422}.AppStore|x64.Build.0 = Release|Any CPU
		{D676206A-B5F4-4505-91E3-932A42639422}.AppStore|x86.ActiveCfg = Release|Any CPU
		{D676206A-B5F4-4505-91E3-932A42639422}.AppStore|x86.Build.0 = Release|Any CPU
		{D676206A-B5F4-4505-91E3-932A42639422}.Debug|Any CPU.ActiveCfg = Debug|Any CPU
		{D676206A-B5F4-4505-91E3-932A42639422}.Debug|Any CPU.Build.0 = Debug|Any CPU
		{D676206A-B5F4-4505-91E3-932A42639422}.Debug|ARM.ActiveCfg = Debug|Any CPU
		{D676206A-B5F4-4505-91E3-932A42639422}.Debug|ARM.Build.0 = Debug|Any CPU
		{D676206A-B5F4-4505-91E3-932A42639422}.Debug|iPhone.ActiveCfg = Debug|Any CPU
		{D676206A-B5F4-4505-91E3-932A42639422}.Debug|iPhone.Build.0 = Debug|Any CPU
		{D676206A-B5F4-4505-91E3-932A42639422}.Debug|iPhoneSimulator.ActiveCfg = Debug|Any CPU
		{D676206A-B5F4-4505-91E3-932A42639422}.Debug|iPhoneSimulator.Build.0 = Debug|Any CPU
		{D676206A-B5F4-4505-91E3-932A42639422}.Debug|x64.ActiveCfg = Debug|Any CPU
		{D676206A-B5F4-4505-91E3-932A42639422}.Debug|x64.Build.0 = Debug|Any CPU
		{D676206A-B5F4-4505-91E3-932A42639422}.Debug|x86.ActiveCfg = Debug|Any CPU
		{D676206A-B5F4-4505-91E3-932A42639422}.Debug|x86.Build.0 = Debug|Any CPU
		{D676206A-B5F4-4505-91E3-932A42639422}.Release|Any CPU.ActiveCfg = Release|Any CPU
		{D676206A-B5F4-4505-91E3-932A42639422}.Release|Any CPU.Build.0 = Release|Any CPU
		{D676206A-B5F4-4505-91E3-932A42639422}.Release|ARM.ActiveCfg = Release|Any CPU
		{D676206A-B5F4-4505-91E3-932A42639422}.Release|ARM.Build.0 = Release|Any CPU
		{D676206A-B5F4-4505-91E3-932A42639422}.Release|iPhone.ActiveCfg = Release|Any CPU
		{D676206A-B5F4-4505-91E3-932A42639422}.Release|iPhone.Build.0 = Release|Any CPU
		{D676206A-B5F4-4505-91E3-932A42639422}.Release|iPhoneSimulator.ActiveCfg = Release|Any CPU
		{D676206A-B5F4-4505-91E3-932A42639422}.Release|iPhoneSimulator.Build.0 = Release|Any CPU
		{D676206A-B5F4-4505-91E3-932A42639422}.Release|x64.ActiveCfg = Release|Any CPU
		{D676206A-B5F4-4505-91E3-932A42639422}.Release|x64.Build.0 = Release|Any CPU
		{D676206A-B5F4-4505-91E3-932A42639422}.Release|x86.ActiveCfg = Release|Any CPU
		{D676206A-B5F4-4505-91E3-932A42639422}.Release|x86.Build.0 = Release|Any CPU
		{8664F741-21CD-404F-9C39-454C689517E4}.Ad-Hoc|Any CPU.ActiveCfg = Release|Any CPU
		{8664F741-21CD-404F-9C39-454C689517E4}.Ad-Hoc|Any CPU.Build.0 = Release|Any CPU
		{8664F741-21CD-404F-9C39-454C689517E4}.Ad-Hoc|Any CPU.Deploy.0 = Release|Any CPU
		{8664F741-21CD-404F-9C39-454C689517E4}.Ad-Hoc|ARM.ActiveCfg = Release|Any CPU
		{8664F741-21CD-404F-9C39-454C689517E4}.Ad-Hoc|ARM.Build.0 = Release|Any CPU
		{8664F741-21CD-404F-9C39-454C689517E4}.Ad-Hoc|ARM.Deploy.0 = Release|Any CPU
		{8664F741-21CD-404F-9C39-454C689517E4}.Ad-Hoc|iPhone.ActiveCfg = Release|Any CPU
		{8664F741-21CD-404F-9C39-454C689517E4}.Ad-Hoc|iPhone.Build.0 = Release|Any CPU
		{8664F741-21CD-404F-9C39-454C689517E4}.Ad-Hoc|iPhone.Deploy.0 = Release|Any CPU
		{8664F741-21CD-404F-9C39-454C689517E4}.Ad-Hoc|iPhoneSimulator.ActiveCfg = Release|Any CPU
		{8664F741-21CD-404F-9C39-454C689517E4}.Ad-Hoc|iPhoneSimulator.Build.0 = Release|Any CPU
		{8664F741-21CD-404F-9C39-454C689517E4}.Ad-Hoc|iPhoneSimulator.Deploy.0 = Release|Any CPU
		{8664F741-21CD-404F-9C39-454C689517E4}.Ad-Hoc|x64.ActiveCfg = Release|Any CPU
		{8664F741-21CD-404F-9C39-454C689517E4}.Ad-Hoc|x64.Build.0 = Release|Any CPU
		{8664F741-21CD-404F-9C39-454C689517E4}.Ad-Hoc|x64.Deploy.0 = Release|Any CPU
		{8664F741-21CD-404F-9C39-454C689517E4}.Ad-Hoc|x86.ActiveCfg = Release|Any CPU
		{8664F741-21CD-404F-9C39-454C689517E4}.Ad-Hoc|x86.Build.0 = Release|Any CPU
		{8664F741-21CD-404F-9C39-454C689517E4}.Ad-Hoc|x86.Deploy.0 = Release|Any CPU
		{8664F741-21CD-404F-9C39-454C689517E4}.AppStore|Any CPU.ActiveCfg = Release|Any CPU
		{8664F741-21CD-404F-9C39-454C689517E4}.AppStore|Any CPU.Build.0 = Release|Any CPU
		{8664F741-21CD-404F-9C39-454C689517E4}.AppStore|Any CPU.Deploy.0 = Release|Any CPU
		{8664F741-21CD-404F-9C39-454C689517E4}.AppStore|ARM.ActiveCfg = Release|Any CPU
		{8664F741-21CD-404F-9C39-454C689517E4}.AppStore|ARM.Build.0 = Release|Any CPU
		{8664F741-21CD-404F-9C39-454C689517E4}.AppStore|ARM.Deploy.0 = Release|Any CPU
		{8664F741-21CD-404F-9C39-454C689517E4}.AppStore|iPhone.ActiveCfg = Release|Any CPU
		{8664F741-21CD-404F-9C39-454C689517E4}.AppStore|iPhone.Build.0 = Release|Any CPU
		{8664F741-21CD-404F-9C39-454C689517E4}.AppStore|iPhone.Deploy.0 = Release|Any CPU
		{8664F741-21CD-404F-9C39-454C689517E4}.AppStore|iPhoneSimulator.ActiveCfg = Release|Any CPU
		{8664F741-21CD-404F-9C39-454C689517E4}.AppStore|iPhoneSimulator.Build.0 = Release|Any CPU
		{8664F741-21CD-404F-9C39-454C689517E4}.AppStore|iPhoneSimulator.Deploy.0 = Release|Any CPU
		{8664F741-21CD-404F-9C39-454C689517E4}.AppStore|x64.ActiveCfg = Release|Any CPU
		{8664F741-21CD-404F-9C39-454C689517E4}.AppStore|x64.Build.0 = Release|Any CPU
		{8664F741-21CD-404F-9C39-454C689517E4}.AppStore|x64.Deploy.0 = Release|Any CPU
		{8664F741-21CD-404F-9C39-454C689517E4}.AppStore|x86.ActiveCfg = Release|Any CPU
		{8664F741-21CD-404F-9C39-454C689517E4}.AppStore|x86.Build.0 = Release|Any CPU
		{8664F741-21CD-404F-9C39-454C689517E4}.AppStore|x86.Deploy.0 = Release|Any CPU
		{8664F741-21CD-404F-9C39-454C689517E4}.Debug|Any CPU.ActiveCfg = Debug|Any CPU
		{8664F741-21CD-404F-9C39-454C689517E4}.Debug|Any CPU.Build.0 = Debug|Any CPU
		{8664F741-21CD-404F-9C39-454C689517E4}.Debug|Any CPU.Deploy.0 = Debug|Any CPU
		{8664F741-21CD-404F-9C39-454C689517E4}.Debug|ARM.ActiveCfg = Debug|Any CPU
		{8664F741-21CD-404F-9C39-454C689517E4}.Debug|ARM.Build.0 = Debug|Any CPU
		{8664F741-21CD-404F-9C39-454C689517E4}.Debug|ARM.Deploy.0 = Debug|Any CPU
		{8664F741-21CD-404F-9C39-454C689517E4}.Debug|iPhone.ActiveCfg = Debug|Any CPU
		{8664F741-21CD-404F-9C39-454C689517E4}.Debug|iPhone.Build.0 = Debug|Any CPU
		{8664F741-21CD-404F-9C39-454C689517E4}.Debug|iPhone.Deploy.0 = Debug|Any CPU
		{8664F741-21CD-404F-9C39-454C689517E4}.Debug|iPhoneSimulator.ActiveCfg = Debug|Any CPU
		{8664F741-21CD-404F-9C39-454C689517E4}.Debug|iPhoneSimulator.Build.0 = Debug|Any CPU
		{8664F741-21CD-404F-9C39-454C689517E4}.Debug|iPhoneSimulator.Deploy.0 = Debug|Any CPU
		{8664F741-21CD-404F-9C39-454C689517E4}.Debug|x64.ActiveCfg = Debug|Any CPU
		{8664F741-21CD-404F-9C39-454C689517E4}.Debug|x64.Build.0 = Debug|Any CPU
		{8664F741-21CD-404F-9C39-454C689517E4}.Debug|x64.Deploy.0 = Debug|Any CPU
		{8664F741-21CD-404F-9C39-454C689517E4}.Debug|x86.ActiveCfg = Debug|Any CPU
		{8664F741-21CD-404F-9C39-454C689517E4}.Debug|x86.Build.0 = Debug|Any CPU
		{8664F741-21CD-404F-9C39-454C689517E4}.Debug|x86.Deploy.0 = Debug|Any CPU
		{8664F741-21CD-404F-9C39-454C689517E4}.Release|Any CPU.ActiveCfg = Release|Any CPU
		{8664F741-21CD-404F-9C39-454C689517E4}.Release|Any CPU.Build.0 = Release|Any CPU
		{8664F741-21CD-404F-9C39-454C689517E4}.Release|Any CPU.Deploy.0 = Release|Any CPU
		{8664F741-21CD-404F-9C39-454C689517E4}.Release|ARM.ActiveCfg = Release|Any CPU
		{8664F741-21CD-404F-9C39-454C689517E4}.Release|ARM.Build.0 = Release|Any CPU
		{8664F741-21CD-404F-9C39-454C689517E4}.Release|ARM.Deploy.0 = Release|Any CPU
		{8664F741-21CD-404F-9C39-454C689517E4}.Release|iPhone.ActiveCfg = Release|Any CPU
		{8664F741-21CD-404F-9C39-454C689517E4}.Release|iPhone.Build.0 = Release|Any CPU
		{8664F741-21CD-404F-9C39-454C689517E4}.Release|iPhone.Deploy.0 = Release|Any CPU
		{8664F741-21CD-404F-9C39-454C689517E4}.Release|iPhoneSimulator.ActiveCfg = Release|Any CPU
		{8664F741-21CD-404F-9C39-454C689517E4}.Release|iPhoneSimulator.Build.0 = Release|Any CPU
		{8664F741-21CD-404F-9C39-454C689517E4}.Release|iPhoneSimulator.Deploy.0 = Release|Any CPU
		{8664F741-21CD-404F-9C39-454C689517E4}.Release|x64.ActiveCfg = Release|Any CPU
		{8664F741-21CD-404F-9C39-454C689517E4}.Release|x64.Build.0 = Release|Any CPU
		{8664F741-21CD-404F-9C39-454C689517E4}.Release|x64.Deploy.0 = Release|Any CPU
		{8664F741-21CD-404F-9C39-454C689517E4}.Release|x86.ActiveCfg = Release|Any CPU
		{8664F741-21CD-404F-9C39-454C689517E4}.Release|x86.Build.0 = Release|Any CPU
		{8664F741-21CD-404F-9C39-454C689517E4}.Release|x86.Deploy.0 = Release|Any CPU
		{CD609083-2B7F-441E-8703-6D2BE39C9762}.Ad-Hoc|Any CPU.ActiveCfg = Ad-Hoc|iPhone
		{CD609083-2B7F-441E-8703-6D2BE39C9762}.Ad-Hoc|ARM.ActiveCfg = Ad-Hoc|iPhone
		{CD609083-2B7F-441E-8703-6D2BE39C9762}.Ad-Hoc|iPhone.ActiveCfg = Ad-Hoc|iPhone
		{CD609083-2B7F-441E-8703-6D2BE39C9762}.Ad-Hoc|iPhone.Build.0 = Ad-Hoc|iPhone
		{CD609083-2B7F-441E-8703-6D2BE39C9762}.Ad-Hoc|iPhoneSimulator.ActiveCfg = Ad-Hoc|iPhoneSimulator
		{CD609083-2B7F-441E-8703-6D2BE39C9762}.Ad-Hoc|iPhoneSimulator.Build.0 = Ad-Hoc|iPhoneSimulator
		{CD609083-2B7F-441E-8703-6D2BE39C9762}.Ad-Hoc|x64.ActiveCfg = Ad-Hoc|iPhone
		{CD609083-2B7F-441E-8703-6D2BE39C9762}.Ad-Hoc|x86.ActiveCfg = Ad-Hoc|iPhone
		{CD609083-2B7F-441E-8703-6D2BE39C9762}.AppStore|Any CPU.ActiveCfg = AppStore|iPhone
		{CD609083-2B7F-441E-8703-6D2BE39C9762}.AppStore|ARM.ActiveCfg = AppStore|iPhone
		{CD609083-2B7F-441E-8703-6D2BE39C9762}.AppStore|iPhone.ActiveCfg = AppStore|iPhone
		{CD609083-2B7F-441E-8703-6D2BE39C9762}.AppStore|iPhone.Build.0 = AppStore|iPhone
		{CD609083-2B7F-441E-8703-6D2BE39C9762}.AppStore|iPhoneSimulator.ActiveCfg = AppStore|iPhoneSimulator
		{CD609083-2B7F-441E-8703-6D2BE39C9762}.AppStore|iPhoneSimulator.Build.0 = AppStore|iPhoneSimulator
		{CD609083-2B7F-441E-8703-6D2BE39C9762}.AppStore|x64.ActiveCfg = AppStore|iPhone
		{CD609083-2B7F-441E-8703-6D2BE39C9762}.AppStore|x86.ActiveCfg = AppStore|iPhone
		{CD609083-2B7F-441E-8703-6D2BE39C9762}.Debug|Any CPU.ActiveCfg = Debug|iPhone
		{CD609083-2B7F-441E-8703-6D2BE39C9762}.Debug|ARM.ActiveCfg = Debug|iPhone
		{CD609083-2B7F-441E-8703-6D2BE39C9762}.Debug|iPhone.ActiveCfg = Debug|iPhone
		{CD609083-2B7F-441E-8703-6D2BE39C9762}.Debug|iPhone.Build.0 = Debug|iPhone
		{CD609083-2B7F-441E-8703-6D2BE39C9762}.Debug|iPhoneSimulator.ActiveCfg = Debug|iPhoneSimulator
		{CD609083-2B7F-441E-8703-6D2BE39C9762}.Debug|iPhoneSimulator.Build.0 = Debug|iPhoneSimulator
		{CD609083-2B7F-441E-8703-6D2BE39C9762}.Debug|x64.ActiveCfg = Debug|iPhone
		{CD609083-2B7F-441E-8703-6D2BE39C9762}.Debug|x86.ActiveCfg = Debug|iPhone
		{CD609083-2B7F-441E-8703-6D2BE39C9762}.Release|Any CPU.ActiveCfg = Release|iPhone
		{CD609083-2B7F-441E-8703-6D2BE39C9762}.Release|ARM.ActiveCfg = Release|iPhone
		{CD609083-2B7F-441E-8703-6D2BE39C9762}.Release|iPhone.ActiveCfg = Release|iPhone
		{CD609083-2B7F-441E-8703-6D2BE39C9762}.Release|iPhone.Build.0 = Release|iPhone
		{CD609083-2B7F-441E-8703-6D2BE39C9762}.Release|iPhoneSimulator.ActiveCfg = Release|iPhoneSimulator
		{CD609083-2B7F-441E-8703-6D2BE39C9762}.Release|iPhoneSimulator.Build.0 = Release|iPhoneSimulator
		{CD609083-2B7F-441E-8703-6D2BE39C9762}.Release|x64.ActiveCfg = Release|iPhone
		{CD609083-2B7F-441E-8703-6D2BE39C9762}.Release|x86.ActiveCfg = Release|iPhone
		{FB98AB4E-DAE0-4BB5-8375-BFD476D5D03A}.Ad-Hoc|Any CPU.ActiveCfg = Release|Any CPU
		{FB98AB4E-DAE0-4BB5-8375-BFD476D5D03A}.Ad-Hoc|Any CPU.Build.0 = Release|Any CPU
		{FB98AB4E-DAE0-4BB5-8375-BFD476D5D03A}.Ad-Hoc|Any CPU.Deploy.0 = Release|Any CPU
		{FB98AB4E-DAE0-4BB5-8375-BFD476D5D03A}.Ad-Hoc|ARM.ActiveCfg = Release|ARM
		{FB98AB4E-DAE0-4BB5-8375-BFD476D5D03A}.Ad-Hoc|ARM.Build.0 = Release|ARM
		{FB98AB4E-DAE0-4BB5-8375-BFD476D5D03A}.Ad-Hoc|ARM.Deploy.0 = Release|ARM
		{FB98AB4E-DAE0-4BB5-8375-BFD476D5D03A}.Ad-Hoc|iPhone.ActiveCfg = Release|Any CPU
		{FB98AB4E-DAE0-4BB5-8375-BFD476D5D03A}.Ad-Hoc|iPhone.Build.0 = Release|Any CPU
		{FB98AB4E-DAE0-4BB5-8375-BFD476D5D03A}.Ad-Hoc|iPhone.Deploy.0 = Release|Any CPU
		{FB98AB4E-DAE0-4BB5-8375-BFD476D5D03A}.Ad-Hoc|iPhoneSimulator.ActiveCfg = Release|Any CPU
		{FB98AB4E-DAE0-4BB5-8375-BFD476D5D03A}.Ad-Hoc|iPhoneSimulator.Build.0 = Release|Any CPU
		{FB98AB4E-DAE0-4BB5-8375-BFD476D5D03A}.Ad-Hoc|iPhoneSimulator.Deploy.0 = Release|Any CPU
		{FB98AB4E-DAE0-4BB5-8375-BFD476D5D03A}.Ad-Hoc|x64.ActiveCfg = Release|Any CPU
		{FB98AB4E-DAE0-4BB5-8375-BFD476D5D03A}.Ad-Hoc|x64.Build.0 = Release|Any CPU
		{FB98AB4E-DAE0-4BB5-8375-BFD476D5D03A}.Ad-Hoc|x64.Deploy.0 = Release|Any CPU
		{FB98AB4E-DAE0-4BB5-8375-BFD476D5D03A}.Ad-Hoc|x86.ActiveCfg = Release|x86
		{FB98AB4E-DAE0-4BB5-8375-BFD476D5D03A}.Ad-Hoc|x86.Build.0 = Release|x86
		{FB98AB4E-DAE0-4BB5-8375-BFD476D5D03A}.Ad-Hoc|x86.Deploy.0 = Release|x86
		{FB98AB4E-DAE0-4BB5-8375-BFD476D5D03A}.AppStore|Any CPU.ActiveCfg = Release|Any CPU
		{FB98AB4E-DAE0-4BB5-8375-BFD476D5D03A}.AppStore|Any CPU.Build.0 = Release|Any CPU
		{FB98AB4E-DAE0-4BB5-8375-BFD476D5D03A}.AppStore|Any CPU.Deploy.0 = Release|Any CPU
		{FB98AB4E-DAE0-4BB5-8375-BFD476D5D03A}.AppStore|ARM.ActiveCfg = Release|ARM
		{FB98AB4E-DAE0-4BB5-8375-BFD476D5D03A}.AppStore|ARM.Build.0 = Release|ARM
		{FB98AB4E-DAE0-4BB5-8375-BFD476D5D03A}.AppStore|ARM.Deploy.0 = Release|ARM
		{FB98AB4E-DAE0-4BB5-8375-BFD476D5D03A}.AppStore|iPhone.ActiveCfg = Release|Any CPU
		{FB98AB4E-DAE0-4BB5-8375-BFD476D5D03A}.AppStore|iPhone.Build.0 = Release|Any CPU
		{FB98AB4E-DAE0-4BB5-8375-BFD476D5D03A}.AppStore|iPhone.Deploy.0 = Release|Any CPU
		{FB98AB4E-DAE0-4BB5-8375-BFD476D5D03A}.AppStore|iPhoneSimulator.ActiveCfg = Release|Any CPU
		{FB98AB4E-DAE0-4BB5-8375-BFD476D5D03A}.AppStore|iPhoneSimulator.Build.0 = Release|Any CPU
		{FB98AB4E-DAE0-4BB5-8375-BFD476D5D03A}.AppStore|iPhoneSimulator.Deploy.0 = Release|Any CPU
		{FB98AB4E-DAE0-4BB5-8375-BFD476D5D03A}.AppStore|x64.ActiveCfg = Release|Any CPU
		{FB98AB4E-DAE0-4BB5-8375-BFD476D5D03A}.AppStore|x64.Build.0 = Release|Any CPU
		{FB98AB4E-DAE0-4BB5-8375-BFD476D5D03A}.AppStore|x64.Deploy.0 = Release|Any CPU
		{FB98AB4E-DAE0-4BB5-8375-BFD476D5D03A}.AppStore|x86.ActiveCfg = Release|x86
		{FB98AB4E-DAE0-4BB5-8375-BFD476D5D03A}.AppStore|x86.Build.0 = Release|x86
		{FB98AB4E-DAE0-4BB5-8375-BFD476D5D03A}.AppStore|x86.Deploy.0 = Release|x86
		{FB98AB4E-DAE0-4BB5-8375-BFD476D5D03A}.Debug|Any CPU.ActiveCfg = Debug|Any CPU
		{FB98AB4E-DAE0-4BB5-8375-BFD476D5D03A}.Debug|Any CPU.Build.0 = Debug|Any CPU
		{FB98AB4E-DAE0-4BB5-8375-BFD476D5D03A}.Debug|Any CPU.Deploy.0 = Debug|Any CPU
		{FB98AB4E-DAE0-4BB5-8375-BFD476D5D03A}.Debug|ARM.ActiveCfg = Debug|ARM
		{FB98AB4E-DAE0-4BB5-8375-BFD476D5D03A}.Debug|ARM.Build.0 = Debug|ARM
		{FB98AB4E-DAE0-4BB5-8375-BFD476D5D03A}.Debug|ARM.Deploy.0 = Debug|ARM
		{FB98AB4E-DAE0-4BB5-8375-BFD476D5D03A}.Debug|iPhone.ActiveCfg = Debug|Any CPU
		{FB98AB4E-DAE0-4BB5-8375-BFD476D5D03A}.Debug|iPhone.Build.0 = Debug|Any CPU
		{FB98AB4E-DAE0-4BB5-8375-BFD476D5D03A}.Debug|iPhone.Deploy.0 = Debug|Any CPU
		{FB98AB4E-DAE0-4BB5-8375-BFD476D5D03A}.Debug|iPhoneSimulator.ActiveCfg = Debug|Any CPU
		{FB98AB4E-DAE0-4BB5-8375-BFD476D5D03A}.Debug|iPhoneSimulator.Build.0 = Debug|Any CPU
		{FB98AB4E-DAE0-4BB5-8375-BFD476D5D03A}.Debug|iPhoneSimulator.Deploy.0 = Debug|Any CPU
		{FB98AB4E-DAE0-4BB5-8375-BFD476D5D03A}.Debug|x64.ActiveCfg = Debug|Any CPU
		{FB98AB4E-DAE0-4BB5-8375-BFD476D5D03A}.Debug|x64.Build.0 = Debug|Any CPU
		{FB98AB4E-DAE0-4BB5-8375-BFD476D5D03A}.Debug|x64.Deploy.0 = Debug|Any CPU
		{FB98AB4E-DAE0-4BB5-8375-BFD476D5D03A}.Debug|x86.ActiveCfg = Debug|x86
		{FB98AB4E-DAE0-4BB5-8375-BFD476D5D03A}.Debug|x86.Build.0 = Debug|x86
		{FB98AB4E-DAE0-4BB5-8375-BFD476D5D03A}.Debug|x86.Deploy.0 = Debug|x86
		{FB98AB4E-DAE0-4BB5-8375-BFD476D5D03A}.Release|Any CPU.ActiveCfg = Release|Any CPU
		{FB98AB4E-DAE0-4BB5-8375-BFD476D5D03A}.Release|Any CPU.Build.0 = Release|Any CPU
		{FB98AB4E-DAE0-4BB5-8375-BFD476D5D03A}.Release|Any CPU.Deploy.0 = Release|Any CPU
		{FB98AB4E-DAE0-4BB5-8375-BFD476D5D03A}.Release|ARM.ActiveCfg = Release|ARM
		{FB98AB4E-DAE0-4BB5-8375-BFD476D5D03A}.Release|ARM.Build.0 = Release|ARM
		{FB98AB4E-DAE0-4BB5-8375-BFD476D5D03A}.Release|ARM.Deploy.0 = Release|ARM
		{FB98AB4E-DAE0-4BB5-8375-BFD476D5D03A}.Release|iPhone.ActiveCfg = Release|Any CPU
		{FB98AB4E-DAE0-4BB5-8375-BFD476D5D03A}.Release|iPhone.Build.0 = Release|Any CPU
		{FB98AB4E-DAE0-4BB5-8375-BFD476D5D03A}.Release|iPhone.Deploy.0 = Release|Any CPU
		{FB98AB4E-DAE0-4BB5-8375-BFD476D5D03A}.Release|iPhoneSimulator.ActiveCfg = Release|Any CPU
		{FB98AB4E-DAE0-4BB5-8375-BFD476D5D03A}.Release|iPhoneSimulator.Build.0 = Release|Any CPU
		{FB98AB4E-DAE0-4BB5-8375-BFD476D5D03A}.Release|iPhoneSimulator.Deploy.0 = Release|Any CPU
		{FB98AB4E-DAE0-4BB5-8375-BFD476D5D03A}.Release|x64.ActiveCfg = Release|Any CPU
		{FB98AB4E-DAE0-4BB5-8375-BFD476D5D03A}.Release|x64.Build.0 = Release|Any CPU
		{FB98AB4E-DAE0-4BB5-8375-BFD476D5D03A}.Release|x64.Deploy.0 = Release|Any CPU
		{FB98AB4E-DAE0-4BB5-8375-BFD476D5D03A}.Release|x86.ActiveCfg = Release|x86
		{FB98AB4E-DAE0-4BB5-8375-BFD476D5D03A}.Release|x86.Build.0 = Release|x86
		{FB98AB4E-DAE0-4BB5-8375-BFD476D5D03A}.Release|x86.Deploy.0 = Release|x86
		{B19EB285-1473-4F51-B113-4709F436263E}.Ad-Hoc|Any CPU.ActiveCfg = Release|x86
		{B19EB285-1473-4F51-B113-4709F436263E}.Ad-Hoc|Any CPU.Build.0 = Release|x86
		{B19EB285-1473-4F51-B113-4709F436263E}.Ad-Hoc|Any CPU.Deploy.0 = Release|x86
		{B19EB285-1473-4F51-B113-4709F436263E}.Ad-Hoc|ARM.ActiveCfg = Release|ARM
		{B19EB285-1473-4F51-B113-4709F436263E}.Ad-Hoc|ARM.Build.0 = Release|ARM
		{B19EB285-1473-4F51-B113-4709F436263E}.Ad-Hoc|ARM.Deploy.0 = Release|ARM
		{B19EB285-1473-4F51-B113-4709F436263E}.Ad-Hoc|iPhone.ActiveCfg = Release|x86
		{B19EB285-1473-4F51-B113-4709F436263E}.Ad-Hoc|iPhone.Build.0 = Release|x86
		{B19EB285-1473-4F51-B113-4709F436263E}.Ad-Hoc|iPhone.Deploy.0 = Release|x86
		{B19EB285-1473-4F51-B113-4709F436263E}.Ad-Hoc|iPhoneSimulator.ActiveCfg = Release|x86
		{B19EB285-1473-4F51-B113-4709F436263E}.Ad-Hoc|iPhoneSimulator.Build.0 = Release|x86
		{B19EB285-1473-4F51-B113-4709F436263E}.Ad-Hoc|iPhoneSimulator.Deploy.0 = Release|x86
		{B19EB285-1473-4F51-B113-4709F436263E}.Ad-Hoc|x64.ActiveCfg = Release|x64
		{B19EB285-1473-4F51-B113-4709F436263E}.Ad-Hoc|x64.Build.0 = Release|x64
		{B19EB285-1473-4F51-B113-4709F436263E}.Ad-Hoc|x64.Deploy.0 = Release|x64
		{B19EB285-1473-4F51-B113-4709F436263E}.Ad-Hoc|x86.ActiveCfg = Release|x86
		{B19EB285-1473-4F51-B113-4709F436263E}.Ad-Hoc|x86.Build.0 = Release|x86
		{B19EB285-1473-4F51-B113-4709F436263E}.Ad-Hoc|x86.Deploy.0 = Release|x86
		{B19EB285-1473-4F51-B113-4709F436263E}.AppStore|Any CPU.ActiveCfg = Release|x86
		{B19EB285-1473-4F51-B113-4709F436263E}.AppStore|Any CPU.Build.0 = Release|x86
		{B19EB285-1473-4F51-B113-4709F436263E}.AppStore|Any CPU.Deploy.0 = Release|x86
		{B19EB285-1473-4F51-B113-4709F436263E}.AppStore|ARM.ActiveCfg = Release|ARM
		{B19EB285-1473-4F51-B113-4709F436263E}.AppStore|ARM.Build.0 = Release|ARM
		{B19EB285-1473-4F51-B113-4709F436263E}.AppStore|ARM.Deploy.0 = Release|ARM
		{B19EB285-1473-4F51-B113-4709F436263E}.AppStore|iPhone.ActiveCfg = Release|x86
		{B19EB285-1473-4F51-B113-4709F436263E}.AppStore|iPhone.Build.0 = Release|x86
		{B19EB285-1473-4F51-B113-4709F436263E}.AppStore|iPhone.Deploy.0 = Release|x86
		{B19EB285-1473-4F51-B113-4709F436263E}.AppStore|iPhoneSimulator.ActiveCfg = Release|x86
		{B19EB285-1473-4F51-B113-4709F436263E}.AppStore|iPhoneSimulator.Build.0 = Release|x86
		{B19EB285-1473-4F51-B113-4709F436263E}.AppStore|iPhoneSimulator.Deploy.0 = Release|x86
		{B19EB285-1473-4F51-B113-4709F436263E}.AppStore|x64.ActiveCfg = Release|x64
		{B19EB285-1473-4F51-B113-4709F436263E}.AppStore|x64.Build.0 = Release|x64
		{B19EB285-1473-4F51-B113-4709F436263E}.AppStore|x64.Deploy.0 = Release|x64
		{B19EB285-1473-4F51-B113-4709F436263E}.AppStore|x86.ActiveCfg = Release|x86
		{B19EB285-1473-4F51-B113-4709F436263E}.AppStore|x86.Build.0 = Release|x86
		{B19EB285-1473-4F51-B113-4709F436263E}.AppStore|x86.Deploy.0 = Release|x86
		{B19EB285-1473-4F51-B113-4709F436263E}.Debug|Any CPU.ActiveCfg = Debug|x86
		{B19EB285-1473-4F51-B113-4709F436263E}.Debug|ARM.ActiveCfg = Debug|ARM
		{B19EB285-1473-4F51-B113-4709F436263E}.Debug|ARM.Build.0 = Debug|ARM
		{B19EB285-1473-4F51-B113-4709F436263E}.Debug|ARM.Deploy.0 = Debug|ARM
		{B19EB285-1473-4F51-B113-4709F436263E}.Debug|iPhone.ActiveCfg = Debug|x86
		{B19EB285-1473-4F51-B113-4709F436263E}.Debug|iPhoneSimulator.ActiveCfg = Debug|x86
		{B19EB285-1473-4F51-B113-4709F436263E}.Debug|x64.ActiveCfg = Debug|x64
		{B19EB285-1473-4F51-B113-4709F436263E}.Debug|x64.Build.0 = Debug|x64
		{B19EB285-1473-4F51-B113-4709F436263E}.Debug|x64.Deploy.0 = Debug|x64
		{B19EB285-1473-4F51-B113-4709F436263E}.Debug|x86.ActiveCfg = Debug|x86
		{B19EB285-1473-4F51-B113-4709F436263E}.Debug|x86.Build.0 = Debug|x86
		{B19EB285-1473-4F51-B113-4709F436263E}.Debug|x86.Deploy.0 = Debug|x86
		{B19EB285-1473-4F51-B113-4709F436263E}.Release|Any CPU.ActiveCfg = Release|x86
		{B19EB285-1473-4F51-B113-4709F436263E}.Release|ARM.ActiveCfg = Release|ARM
		{B19EB285-1473-4F51-B113-4709F436263E}.Release|ARM.Build.0 = Release|ARM
		{B19EB285-1473-4F51-B113-4709F436263E}.Release|ARM.Deploy.0 = Release|ARM
		{B19EB285-1473-4F51-B113-4709F436263E}.Release|iPhone.ActiveCfg = Release|x86
		{B19EB285-1473-4F51-B113-4709F436263E}.Release|iPhoneSimulator.ActiveCfg = Release|x86
		{B19EB285-1473-4F51-B113-4709F436263E}.Release|x64.ActiveCfg = Release|x64
		{B19EB285-1473-4F51-B113-4709F436263E}.Release|x64.Build.0 = Release|x64
		{B19EB285-1473-4F51-B113-4709F436263E}.Release|x64.Deploy.0 = Release|x64
		{B19EB285-1473-4F51-B113-4709F436263E}.Release|x86.ActiveCfg = Release|x86
		{B19EB285-1473-4F51-B113-4709F436263E}.Release|x86.Build.0 = Release|x86
		{B19EB285-1473-4F51-B113-4709F436263E}.Release|x86.Deploy.0 = Release|x86
		{F8F2111F-42AB-47D4-B32F-D0ACF79BCB22}.Ad-Hoc|Any CPU.ActiveCfg = Release|Any CPU
		{F8F2111F-42AB-47D4-B32F-D0ACF79BCB22}.Ad-Hoc|Any CPU.Build.0 = Release|Any CPU
		{F8F2111F-42AB-47D4-B32F-D0ACF79BCB22}.Ad-Hoc|Any CPU.Deploy.0 = Release|Any CPU
		{F8F2111F-42AB-47D4-B32F-D0ACF79BCB22}.Ad-Hoc|ARM.ActiveCfg = Release|ARM
		{F8F2111F-42AB-47D4-B32F-D0ACF79BCB22}.Ad-Hoc|ARM.Build.0 = Release|ARM
		{F8F2111F-42AB-47D4-B32F-D0ACF79BCB22}.Ad-Hoc|ARM.Deploy.0 = Release|ARM
		{F8F2111F-42AB-47D4-B32F-D0ACF79BCB22}.Ad-Hoc|iPhone.ActiveCfg = Release|Any CPU
		{F8F2111F-42AB-47D4-B32F-D0ACF79BCB22}.Ad-Hoc|iPhone.Build.0 = Release|Any CPU
		{F8F2111F-42AB-47D4-B32F-D0ACF79BCB22}.Ad-Hoc|iPhone.Deploy.0 = Release|Any CPU
		{F8F2111F-42AB-47D4-B32F-D0ACF79BCB22}.Ad-Hoc|iPhoneSimulator.ActiveCfg = Release|Any CPU
		{F8F2111F-42AB-47D4-B32F-D0ACF79BCB22}.Ad-Hoc|iPhoneSimulator.Build.0 = Release|Any CPU
		{F8F2111F-42AB-47D4-B32F-D0ACF79BCB22}.Ad-Hoc|iPhoneSimulator.Deploy.0 = Release|Any CPU
		{F8F2111F-42AB-47D4-B32F-D0ACF79BCB22}.Ad-Hoc|x64.ActiveCfg = Release|x64
		{F8F2111F-42AB-47D4-B32F-D0ACF79BCB22}.Ad-Hoc|x64.Build.0 = Release|x64
		{F8F2111F-42AB-47D4-B32F-D0ACF79BCB22}.Ad-Hoc|x64.Deploy.0 = Release|x64
		{F8F2111F-42AB-47D4-B32F-D0ACF79BCB22}.Ad-Hoc|x86.ActiveCfg = Release|x86
		{F8F2111F-42AB-47D4-B32F-D0ACF79BCB22}.Ad-Hoc|x86.Build.0 = Release|x86
		{F8F2111F-42AB-47D4-B32F-D0ACF79BCB22}.Ad-Hoc|x86.Deploy.0 = Release|x86
		{F8F2111F-42AB-47D4-B32F-D0ACF79BCB22}.AppStore|Any CPU.ActiveCfg = Release|Any CPU
		{F8F2111F-42AB-47D4-B32F-D0ACF79BCB22}.AppStore|Any CPU.Build.0 = Release|Any CPU
		{F8F2111F-42AB-47D4-B32F-D0ACF79BCB22}.AppStore|Any CPU.Deploy.0 = Release|Any CPU
		{F8F2111F-42AB-47D4-B32F-D0ACF79BCB22}.AppStore|ARM.ActiveCfg = Release|ARM
		{F8F2111F-42AB-47D4-B32F-D0ACF79BCB22}.AppStore|ARM.Build.0 = Release|ARM
		{F8F2111F-42AB-47D4-B32F-D0ACF79BCB22}.AppStore|ARM.Deploy.0 = Release|ARM
		{F8F2111F-42AB-47D4-B32F-D0ACF79BCB22}.AppStore|iPhone.ActiveCfg = Release|Any CPU
		{F8F2111F-42AB-47D4-B32F-D0ACF79BCB22}.AppStore|iPhone.Build.0 = Release|Any CPU
		{F8F2111F-42AB-47D4-B32F-D0ACF79BCB22}.AppStore|iPhone.Deploy.0 = Release|Any CPU
		{F8F2111F-42AB-47D4-B32F-D0ACF79BCB22}.AppStore|iPhoneSimulator.ActiveCfg = Release|Any CPU
		{F8F2111F-42AB-47D4-B32F-D0ACF79BCB22}.AppStore|iPhoneSimulator.Build.0 = Release|Any CPU
		{F8F2111F-42AB-47D4-B32F-D0ACF79BCB22}.AppStore|iPhoneSimulator.Deploy.0 = Release|Any CPU
		{F8F2111F-42AB-47D4-B32F-D0ACF79BCB22}.AppStore|x64.ActiveCfg = Release|x64
		{F8F2111F-42AB-47D4-B32F-D0ACF79BCB22}.AppStore|x64.Build.0 = Release|x64
		{F8F2111F-42AB-47D4-B32F-D0ACF79BCB22}.AppStore|x64.Deploy.0 = Release|x64
		{F8F2111F-42AB-47D4-B32F-D0ACF79BCB22}.AppStore|x86.ActiveCfg = Release|x86
		{F8F2111F-42AB-47D4-B32F-D0ACF79BCB22}.AppStore|x86.Build.0 = Release|x86
		{F8F2111F-42AB-47D4-B32F-D0ACF79BCB22}.AppStore|x86.Deploy.0 = Release|x86
		{F8F2111F-42AB-47D4-B32F-D0ACF79BCB22}.Debug|Any CPU.ActiveCfg = Debug|Any CPU
		{F8F2111F-42AB-47D4-B32F-D0ACF79BCB22}.Debug|Any CPU.Build.0 = Debug|Any CPU
		{F8F2111F-42AB-47D4-B32F-D0ACF79BCB22}.Debug|Any CPU.Deploy.0 = Debug|Any CPU
		{F8F2111F-42AB-47D4-B32F-D0ACF79BCB22}.Debug|ARM.ActiveCfg = Debug|ARM
		{F8F2111F-42AB-47D4-B32F-D0ACF79BCB22}.Debug|ARM.Build.0 = Debug|ARM
		{F8F2111F-42AB-47D4-B32F-D0ACF79BCB22}.Debug|ARM.Deploy.0 = Debug|ARM
		{F8F2111F-42AB-47D4-B32F-D0ACF79BCB22}.Debug|iPhone.ActiveCfg = Debug|Any CPU
		{F8F2111F-42AB-47D4-B32F-D0ACF79BCB22}.Debug|iPhone.Build.0 = Debug|Any CPU
		{F8F2111F-42AB-47D4-B32F-D0ACF79BCB22}.Debug|iPhone.Deploy.0 = Debug|Any CPU
		{F8F2111F-42AB-47D4-B32F-D0ACF79BCB22}.Debug|iPhoneSimulator.ActiveCfg = Debug|Any CPU
		{F8F2111F-42AB-47D4-B32F-D0ACF79BCB22}.Debug|iPhoneSimulator.Build.0 = Debug|Any CPU
		{F8F2111F-42AB-47D4-B32F-D0ACF79BCB22}.Debug|iPhoneSimulator.Deploy.0 = Debug|Any CPU
		{F8F2111F-42AB-47D4-B32F-D0ACF79BCB22}.Debug|x64.ActiveCfg = Debug|x64
		{F8F2111F-42AB-47D4-B32F-D0ACF79BCB22}.Debug|x64.Build.0 = Debug|x64
		{F8F2111F-42AB-47D4-B32F-D0ACF79BCB22}.Debug|x64.Deploy.0 = Debug|x64
		{F8F2111F-42AB-47D4-B32F-D0ACF79BCB22}.Debug|x86.ActiveCfg = Debug|x86
		{F8F2111F-42AB-47D4-B32F-D0ACF79BCB22}.Debug|x86.Build.0 = Debug|x86
		{F8F2111F-42AB-47D4-B32F-D0ACF79BCB22}.Debug|x86.Deploy.0 = Debug|x86
		{F8F2111F-42AB-47D4-B32F-D0ACF79BCB22}.Release|Any CPU.ActiveCfg = Release|Any CPU
		{F8F2111F-42AB-47D4-B32F-D0ACF79BCB22}.Release|Any CPU.Build.0 = Release|Any CPU
		{F8F2111F-42AB-47D4-B32F-D0ACF79BCB22}.Release|Any CPU.Deploy.0 = Release|Any CPU
		{F8F2111F-42AB-47D4-B32F-D0ACF79BCB22}.Release|ARM.ActiveCfg = Release|ARM
		{F8F2111F-42AB-47D4-B32F-D0ACF79BCB22}.Release|ARM.Build.0 = Release|ARM
		{F8F2111F-42AB-47D4-B32F-D0ACF79BCB22}.Release|ARM.Deploy.0 = Release|ARM
		{F8F2111F-42AB-47D4-B32F-D0ACF79BCB22}.Release|iPhone.ActiveCfg = Release|Any CPU
		{F8F2111F-42AB-47D4-B32F-D0ACF79BCB22}.Release|iPhone.Build.0 = Release|Any CPU
		{F8F2111F-42AB-47D4-B32F-D0ACF79BCB22}.Release|iPhone.Deploy.0 = Release|Any CPU
		{F8F2111F-42AB-47D4-B32F-D0ACF79BCB22}.Release|iPhoneSimulator.ActiveCfg = Release|Any CPU
		{F8F2111F-42AB-47D4-B32F-D0ACF79BCB22}.Release|iPhoneSimulator.Build.0 = Release|Any CPU
		{F8F2111F-42AB-47D4-B32F-D0ACF79BCB22}.Release|iPhoneSimulator.Deploy.0 = Release|Any CPU
		{F8F2111F-42AB-47D4-B32F-D0ACF79BCB22}.Release|x64.ActiveCfg = Release|x64
		{F8F2111F-42AB-47D4-B32F-D0ACF79BCB22}.Release|x64.Build.0 = Release|x64
		{F8F2111F-42AB-47D4-B32F-D0ACF79BCB22}.Release|x64.Deploy.0 = Release|x64
		{F8F2111F-42AB-47D4-B32F-D0ACF79BCB22}.Release|x86.ActiveCfg = Release|x86
		{F8F2111F-42AB-47D4-B32F-D0ACF79BCB22}.Release|x86.Build.0 = Release|x86
		{F8F2111F-42AB-47D4-B32F-D0ACF79BCB22}.Release|x86.Deploy.0 = Release|x86
	EndGlobalSection
	GlobalSection(SolutionProperties) = preSolution
		HideSolutionNode = FALSE
	EndGlobalSection
EndGlobal
